
Microsoft Visual Studio Solution File, Format Version 12.00
# Visual Studio 15
VisualStudioVersion = 15.0.28307.421
MinimumVisualStudioVersion = 10.0.40219.1
Project("{FAE04EC0-301F-11D3-BF4B-00C04F79EFBC}") = "TestCustomActivity", "TestCustomActivity\TestCustomActivity.csproj", "{1A70EA34-A935-4A0F-AFEA-6F3535BF0369}"
EndProject
Global
	GlobalSection(SolutionConfigurationPlatforms) = preSolution
		Debug|Any CPU = Debug|Any CPU
		Release|Any CPU = Release|Any CPU
	EndGlobalSection
	GlobalSection(ProjectConfigurationPlatforms) = postSolution
		{1A70EA34-A935-4A0F-AFEA-6F3535BF0369}.Debug|Any CPU.ActiveCfg = Debug|Any CPU
		{1A70EA34-A935-4A0F-AFEA-6F3535BF0369}.Debug|Any CPU.Build.0 = Debug|Any CPU
		{1A70EA34-A935-4A0F-AFEA-6F3535BF0369}.Release|Any CPU.ActiveCfg = Release|Any CPU
		{1A70EA34-A935-4A0F-AFEA-6F3535BF0369}.Release|Any CPU.Build.0 = Release|Any CPU
	EndGlobalSection
	GlobalSection(SolutionProperties) = preSolution
		HideSolutionNode = FALSE
	EndGlobalSection
	GlobalSection(ExtensibilityGlobals) = postSolution
		SolutionGuid = {BE0422CF-87B8-4B50-ACDA-5C0CAD44035A}
	EndGlobalSection
EndGlobal
